// !$*UTF8*$!
{
	archiveVersion = 1;
	classes = {
	};
	objectVersion = 51;
	objects = {

/* Begin PBXBuildFile section */
		0992CACE265C9FC9008F2AFF /* AppDelegate.swift in Sources */ = {isa = PBXBuildFile; fileRef = 0992CACD265C9FC9008F2AFF /* AppDelegate.swift */; };
		0992CAD0265C9FC9008F2AFF /* SceneDelegate.swift in Sources */ = {isa = PBXBuildFile; fileRef = 0992CACF265C9FC9008F2AFF /* SceneDelegate.swift */; };
		0992CAD2265C9FC9008F2AFF /* ViewController.swift in Sources */ = {isa = PBXBuildFile; fileRef = 0992CAD1265C9FC9008F2AFF /* ViewController.swift */; };
		0992CAD7265C9FCB008F2AFF /* Assets.xcassets in Resources */ = {isa = PBXBuildFile; fileRef = 0992CAD6265C9FCB008F2AFF /* Assets.xcassets */; };
		0992CADA265C9FCB008F2AFF /* LaunchScreen.storyboard in Resources */ = {isa = PBXBuildFile; fileRef = 0992CAD8265C9FCB008F2AFF /* LaunchScreen.storyboard */; };
		0992CAE3265CA2A8008F2AFF /* MainTabBarController.swift in Sources */ = {isa = PBXBuildFile; fileRef = 0992CAE2265CA2A8008F2AFF /* MainTabBarController.swift */; };
		0992CAE5265CA37F008F2AFF /* HomeViewController.swift in Sources */ = {isa = PBXBuildFile; fileRef = 0992CAE4265CA37F008F2AFF /* HomeViewController.swift */; };
		0992CAE7265CA393008F2AFF /* MineViewController.swift in Sources */ = {isa = PBXBuildFile; fileRef = 0992CAE6265CA393008F2AFF /* MineViewController.swift */; };
		0992CAE9265CA3AA008F2AFF /* ExtensionToolViewController.swift in Sources */ = {isa = PBXBuildFile; fileRef = 0992CAE8265CA3AA008F2AFF /* ExtensionToolViewController.swift */; };
		0992CAEE2666183E008F2AFF /* HomePageViewController.swift in Sources */ = {isa = PBXBuildFile; fileRef = 0992CAED2666183E008F2AFF /* HomePageViewController.swift */; };
		0992CAF1266618B4008F2AFF /* AfterSchoolViewController.swift in Sources */ = {isa = PBXBuildFile; fileRef = 0992CAF0266618B4008F2AFF /* AfterSchoolViewController.swift */; };
		0992CAF3266618CF008F2AFF /* EntranceForSchoolViewController.swift in Sources */ = {isa = PBXBuildFile; fileRef = 0992CAF2266618CF008F2AFF /* EntranceForSchoolViewController.swift */; };
		0992CAF526676A7C008F2AFF /* HomeTableViewCell.swift in Sources */ = {isa = PBXBuildFile; fileRef = 0992CAF426676A7C008F2AFF /* HomeTableViewCell.swift */; };
		0992CAF8266787B4008F2AFF /* MineTableViewCell.swift in Sources */ = {isa = PBXBuildFile; fileRef = 0992CAF7266787B4008F2AFF /* MineTableViewCell.swift */; };
		F43CA49E9C13535F96DA4F68 /* Pods_ReadAndDictation.framework in Frameworks */ = {isa = PBXBuildFile; fileRef = 74F48BD7A2B6C324779753AA /* Pods_ReadAndDictation.framework */; };
/* End PBXBuildFile section */

/* Begin PBXFileReference section */
		0992CACA265C9FC9008F2AFF /* ReadAndDictation.app */ = {isa = PBXFileReference; explicitFileType = wrapper.application; includeInIndex = 0; path = ReadAndDictation.app; sourceTree = BUILT_PRODUCTS_DIR; };
		0992CACD265C9FC9008F2AFF /* AppDelegate.swift */ = {isa = PBXFileReference; lastKnownFileType = sourcecode.swift; path = AppDelegate.swift; sourceTree = "<group>"; };
		0992CACF265C9FC9008F2AFF /* SceneDelegate.swift */ = {isa = PBXFileReference; lastKnownFileType = sourcecode.swift; path = SceneDelegate.swift; sourceTree = "<group>"; };
		0992CAD1265C9FC9008F2AFF /* ViewController.swift */ = {isa = PBXFileReference; lastKnownFileType = sourcecode.swift; path = ViewController.swift; sourceTree = "<group>"; };
		0992CAD6265C9FCB008F2AFF /* Assets.xcassets */ = {isa = PBXFileReference; lastKnownFileType = folder.assetcatalog; path = Assets.xcassets; sourceTree = "<group>"; };
		0992CAD9265C9FCB008F2AFF /* Base */ = {isa = PBXFileReference; lastKnownFileType = file.storyboard; name = Base; path = Base.lproj/LaunchScreen.storyboard; sourceTree = "<group>"; };
		0992CADB265C9FCB008F2AFF /* Info.plist */ = {isa = PBXFileReference; lastKnownFileType = text.plist.xml; path = Info.plist; sourceTree = "<group>"; };
		0992CAE2265CA2A8008F2AFF /* MainTabBarController.swift */ = {isa = PBXFileReference; lastKnownFileType = sourcecode.swift; path = MainTabBarController.swift; sourceTree = "<group>"; };
		0992CAE4265CA37F008F2AFF /* HomeViewController.swift */ = {isa = PBXFileReference; lastKnownFileType = sourcecode.swift; path = HomeViewController.swift; sourceTree = "<group>"; };
		0992CAE6265CA393008F2AFF /* MineViewController.swift */ = {isa = PBXFileReference; lastKnownFileType = sourcecode.swift; path = MineViewController.swift; sourceTree = "<group>"; };
		0992CAE8265CA3AA008F2AFF /* ExtensionToolViewController.swift */ = {isa = PBXFileReference; lastKnownFileType = sourcecode.swift; path = ExtensionToolViewController.swift; sourceTree = "<group>"; };
		0992CAED2666183E008F2AFF /* HomePageViewController.swift */ = {isa = PBXFileReference; lastKnownFileType = sourcecode.swift; path = HomePageViewController.swift; sourceTree = "<group>"; };
		0992CAF0266618B4008F2AFF /* AfterSchoolViewController.swift */ = {isa = PBXFileReference; lastKnownFileType = sourcecode.swift; path = AfterSchoolViewController.swift; sourceTree = "<group>"; };
		0992CAF2266618CF008F2AFF /* EntranceForSchoolViewController.swift */ = {isa = PBXFileReference; lastKnownFileType = sourcecode.swift; path = EntranceForSchoolViewController.swift; sourceTree = "<group>"; };
		0992CAF426676A7C008F2AFF /* HomeTableViewCell.swift */ = {isa = PBXFileReference; lastKnownFileType = sourcecode.swift; path = HomeTableViewCell.swift; sourceTree = "<group>"; };
		0992CAF7266787B4008F2AFF /* MineTableViewCell.swift */ = {isa = PBXFileReference; lastKnownFileType = sourcecode.swift; path = MineTableViewCell.swift; sourceTree = "<group>"; };
		74F48BD7A2B6C324779753AA /* Pods_ReadAndDictation.framework */ = {isa = PBXFileReference; explicitFileType = wrapper.framework; includeInIndex = 0; path = Pods_ReadAndDictation.framework; sourceTree = BUILT_PRODUCTS_DIR; };
		87C5C25AA614F26BAD9239AF /* Pods-ReadAndDictation.release.xcconfig */ = {isa = PBXFileReference; includeInIndex = 1; lastKnownFileType = text.xcconfig; name = "Pods-ReadAndDictation.release.xcconfig"; path = "Target Support Files/Pods-ReadAndDictation/Pods-ReadAndDictation.release.xcconfig"; sourceTree = "<group>"; };
		BB603EAD616CC0EC1C092CFF /* Pods-ReadAndDictation.debug.xcconfig */ = {isa = PBXFileReference; includeInIndex = 1; lastKnownFileType = text.xcconfig; name = "Pods-ReadAndDictation.debug.xcconfig"; path = "Target Support Files/Pods-ReadAndDictation/Pods-ReadAndDictation.debug.xcconfig"; sourceTree = "<group>"; };
/* End PBXFileReference section */

/* Begin PBXFrameworksBuildPhase section */
		0992CAC7265C9FC9008F2AFF /* Frameworks */ = {
			isa = PBXFrameworksBuildPhase;
			buildActionMask = 2147483647;
			files = (
				F43CA49E9C13535F96DA4F68 /* Pods_ReadAndDictation.framework in Frameworks */,
			);
			runOnlyForDeploymentPostprocessing = 0;
		};
/* End PBXFrameworksBuildPhase section */

/* Begin PBXGroup section */
		0992CAC1265C9FC9008F2AFF = {
			isa = PBXGroup;
			children = (
				0992CACC265C9FC9008F2AFF /* ReadAndDictation */,
				0992CACB265C9FC9008F2AFF /* Products */,
				BBB056D16428167BB85948C5 /* Pods */,
				1F9A630DE26345814BD5E83C /* Frameworks */,
			);
			sourceTree = "<group>";
		};
		0992CACB265C9FC9008F2AFF /* Products */ = {
			isa = PBXGroup;
			children = (
				0992CACA265C9FC9008F2AFF /* ReadAndDictation.app */,
			);
			name = Products;
			sourceTree = "<group>";
		};
		0992CACC265C9FC9008F2AFF /* ReadAndDictation */ = {
			isa = PBXGroup;
			children = (
				0992CAEA265F9DE2008F2AFF /* Helper */,
				0992CAE1265CA27B008F2AFF /* TabBarController */,
				0992CACD265C9FC9008F2AFF /* AppDelegate.swift */,
				0992CACF265C9FC9008F2AFF /* SceneDelegate.swift */,
				0992CAD1265C9FC9008F2AFF /* ViewController.swift */,
				0992CAD6265C9FCB008F2AFF /* Assets.xcassets */,
				0992CAD8265C9FCB008F2AFF /* LaunchScreen.storyboard */,
				0992CADB265C9FCB008F2AFF /* Info.plist */,
			);
			path = ReadAndDictation;
			sourceTree = "<group>";
		};
		0992CAE1265CA27B008F2AFF /* TabBarController */ = {
			isa = PBXGroup;
			children = (
				0992CAEF26661851008F2AFF /* PageViewController */,
				0992CAE2265CA2A8008F2AFF /* MainTabBarController.swift */,
				0992CAE4265CA37F008F2AFF /* HomeViewController.swift */,
				0992CAE6265CA393008F2AFF /* MineViewController.swift */,
				0992CAE8265CA3AA008F2AFF /* ExtensionToolViewController.swift */,
				0992CAF7266787B4008F2AFF /* MineTableViewCell.swift */,
			);
			path = TabBarController;
			sourceTree = "<group>";
		};
		0992CAEA265F9DE2008F2AFF /* Helper */ = {
			isa = PBXGroup;
			children = (
			);
			path = Helper;
			sourceTree = "<group>";
		};
		0992CAEF26661851008F2AFF /* PageViewController */ = {
			isa = PBXGroup;
			children = (
				0992CAED2666183E008F2AFF /* HomePageViewController.swift */,
				0992CAF0266618B4008F2AFF /* AfterSchoolViewController.swift */,
				0992CAF2266618CF008F2AFF /* EntranceForSchoolViewController.swift */,
				0992CAF426676A7C008F2AFF /* HomeTableViewCell.swift */,
			);
			path = PageViewController;
			sourceTree = "<group>";
		};
		1F9A630DE26345814BD5E83C /* Frameworks */ = {
			isa = PBXGroup;
			children = (
				74F48BD7A2B6C324779753AA /* Pods_ReadAndDictation.framework */,
			);
			name = Frameworks;
			sourceTree = "<group>";
		};
		BBB056D16428167BB85948C5 /* Pods */ = {
			isa = PBXGroup;
			children = (
				BB603EAD616CC0EC1C092CFF /* Pods-ReadAndDictation.debug.xcconfig */,
				87C5C25AA614F26BAD9239AF /* Pods-ReadAndDictation.release.xcconfig */,
			);
			path = Pods;
			sourceTree = "<group>";
		};
/* End PBXGroup section */

/* Begin PBXNativeTarget section */
		0992CAC9265C9FC9008F2AFF /* ReadAndDictation */ = {
			isa = PBXNativeTarget;
			buildConfigurationList = 0992CADE265C9FCB008F2AFF /* Build configuration list for PBXNativeTarget "ReadAndDictation" */;
			buildPhases = (
				434FD96B09E2773DCAF180DF /* [CP] Check Pods Manifest.lock */,
				0992CAC6265C9FC9008F2AFF /* Sources */,
				0992CAC7265C9FC9008F2AFF /* Frameworks */,
				0992CAC8265C9FC9008F2AFF /* Resources */,
				D483E5ED89A76E077611E16E /* [CP] Embed Pods Frameworks */,
			);
			buildRules = (
			);
			dependencies = (
			);
			name = ReadAndDictation;
			productName = ReadAndDictation;
			productReference = 0992CACA265C9FC9008F2AFF /* ReadAndDictation.app */;
			productType = "com.apple.product-type.application";
		};
/* End PBXNativeTarget section */

/* Begin PBXProject section */
		0992CAC2265C9FC9008F2AFF /* Project object */ = {
			isa = PBXProject;
			attributes = {
				LastSwiftUpdateCheck = 1250;
				LastUpgradeCheck = 1250;
				TargetAttributes = {
					0992CAC9265C9FC9008F2AFF = {
						CreatedOnToolsVersion = 12.5;
					};
				};
			};
			buildConfigurationList = 0992CAC5265C9FC9008F2AFF /* Build configuration list for PBXProject "ReadAndDictation" */;
			compatibilityVersion = "Xcode 9.3";
			developmentRegion = en;
			hasScannedForEncodings = 0;
			knownRegions = (
				en,
				Base,
			);
			mainGroup = 0992CAC1265C9FC9008F2AFF;
			productRefGroup = 0992CACB265C9FC9008F2AFF /* Products */;
			projectDirPath = "";
			projectRoot = "";
			targets = (
				0992CAC9265C9FC9008F2AFF /* ReadAndDictation */,
			);
		};
/* End PBXProject section */

/* Begin PBXResourcesBuildPhase section */
		0992CAC8265C9FC9008F2AFF /* Resources */ = {
			isa = PBXResourcesBuildPhase;
			buildActionMask = 2147483647;
			files = (
				0992CADA265C9FCB008F2AFF /* LaunchScreen.storyboard in Resources */,
				0992CAD7265C9FCB008F2AFF /* Assets.xcassets in Resources */,
			);
			runOnlyForDeploymentPostprocessing = 0;
		};
/* End PBXResourcesBuildPhase section */

/* Begin PBXShellScriptBuildPhase section */
		434FD96B09E2773DCAF180DF /* [CP] Check Pods Manifest.lock */ = {
			isa = PBXShellScriptBuildPhase;
			buildActionMask = 2147483647;
			files = (
			);
			inputFileListPaths = (
			);
			inputPaths = (
				"${PODS_PODFILE_DIR_PATH}/Podfile.lock",
				"${PODS_ROOT}/Manifest.lock",
			);
			name = "[CP] Check Pods Manifest.lock";
			outputFileListPaths = (
			);
			outputPaths = (
				"$(DERIVED_FILE_DIR)/Pods-ReadAndDictation-checkManifestLockResult.txt",
			);
			runOnlyForDeploymentPostprocessing = 0;
			shellPath = /bin/sh;
			shellScript = "diff \"${PODS_PODFILE_DIR_PATH}/Podfile.lock\" \"${PODS_ROOT}/Manifest.lock\" > /dev/null\nif [ $? != 0 ] ; then\n    # print error to STDERR\n    echo \"error: The sandbox is not in sync with the Podfile.lock. Run 'pod install' or update your CocoaPods installation.\" >&2\n    exit 1\nfi\n# This output is used by Xcode 'outputs' to avoid re-running this script phase.\necho \"SUCCESS\" > \"${SCRIPT_OUTPUT_FILE_0}\"\n";
			showEnvVarsInLog = 0;
		};
		D483E5ED89A76E077611E16E /* [CP] Embed Pods Frameworks */ = {
			isa = PBXShellScriptBuildPhase;
			buildActionMask = 2147483647;
			files = (
			);
			inputFileListPaths = (
				"${PODS_ROOT}/Target Support Files/Pods-ReadAndDictation/Pods-ReadAndDictation-frameworks-${CONFIGURATION}-input-files.xcfilelist",
			);
			name = "[CP] Embed Pods Frameworks";
			outputFileListPaths = (
				"${PODS_ROOT}/Target Support Files/Pods-ReadAndDictation/Pods-ReadAndDictation-frameworks-${CONFIGURATION}-output-files.xcfilelist",
			);
			runOnlyForDeploymentPostprocessing = 0;
			shellPath = /bin/sh;
			shellScript = "\"${PODS_ROOT}/Target Support Files/Pods-ReadAndDictation/Pods-ReadAndDictation-frameworks.sh\"\n";
			showEnvVarsInLog = 0;
		};
/* End PBXShellScriptBuildPhase section */

/* Begin PBXSourcesBuildPhase section */
		0992CAC6265C9FC9008F2AFF /* Sources */ = {
			isa = PBXSourcesBuildPhase;
			buildActionMask = 2147483647;
			files = (
				0992CAE5265CA37F008F2AFF /* HomeViewController.swift in Sources */,
				0992CAE7265CA393008F2AFF /* MineViewController.swift in Sources */,
				0992CAF1266618B4008F2AFF /* AfterSchoolViewController.swift in Sources */,
				0992CAF526676A7C008F2AFF /* HomeTableViewCell.swift in Sources */,
				0992CAD2265C9FC9008F2AFF /* ViewController.swift in Sources */,
				0992CAF3266618CF008F2AFF /* EntranceForSchoolViewController.swift in Sources */,
				0992CAF8266787B4008F2AFF /* MineTableViewCell.swift in Sources */,
				0992CAE9265CA3AA008F2AFF /* ExtensionToolViewController.swift in Sources */,
				0992CAEE2666183E008F2AFF /* HomePageViewController.swift in Sources */,
				0992CACE265C9FC9008F2AFF /* AppDelegate.swift in Sources */,
				0992CAE3265CA2A8008F2AFF /* MainTabBarController.swift in Sources */,
				0992CAD0265C9FC9008F2AFF /* SceneDelegate.swift in Sources */,
			);
			runOnlyForDeploymentPostprocessing = 0;
		};
/* End PBXSourcesBuildPhase section */

/* Begin PBXVariantGroup section */
		0992CAD8265C9FCB008F2AFF /* LaunchScreen.storyboard */ = {
			isa = PBXVariantGroup;
			children = (
				0992CAD9265C9FCB008F2AFF /* Base */,
			);
			name = LaunchScreen.storyboard;
			sourceTree = "<group>";
		};
/* End PBXVariantGroup section */

/* Begin XCBuildConfiguration section */
		0992CADC265C9FCB008F2AFF /* Debug */ = {
			isa = XCBuildConfiguration;
			buildSettings = {
				ALWAYS_SEARCH_USER_PATHS = NO;
				CLANG_ANALYZER_NONNULL = YES;
				CLANG_ANALYZER_NUMBER_OBJECT_CONVERSION = YES_AGGRESSIVE;
				CLANG_CXX_LANGUAGE_STANDARD = "gnu++14";
				CLANG_CXX_LIBRARY = "libc++";
				CLANG_ENABLE_MODULES = YES;
				CLANG_ENABLE_OBJC_ARC = YES;
				CLANG_ENABLE_OBJC_WEAK = YES;
				CLANG_WARN_BLOCK_CAPTURE_AUTORELEASING = YES;
				CLANG_WARN_BOOL_CONVERSION = YES;
				CLANG_WARN_COMMA = YES;
				CLANG_WARN_CONSTANT_CONVERSION = YES;
				CLANG_WARN_DEPRECATED_OBJC_IMPLEMENTATIONS = YES;
				CLANG_WARN_DIRECT_OBJC_ISA_USAGE = YES_ERROR;
				CLANG_WARN_DOCUMENTATION_COMMENTS = YES;
				CLANG_WARN_EMPTY_BODY = YES;
				CLANG_WARN_ENUM_CONVERSION = YES;
				CLANG_WARN_INFINITE_RECURSION = YES;
				CLANG_WARN_INT_CONVERSION = YES;
				CLANG_WARN_NON_LITERAL_NULL_CONVERSION = YES;
				CLANG_WARN_OBJC_IMPLICIT_RETAIN_SELF = YES;
				CLANG_WARN_OBJC_LITERAL_CONVERSION = YES;
				CLANG_WARN_OBJC_ROOT_CLASS = YES_ERROR;
				CLANG_WARN_QUOTED_INCLUDE_IN_FRAMEWORK_HEADER = YES;
				CLANG_WARN_RANGE_LOOP_ANALYSIS = YES;
				CLANG_WARN_STRICT_PROTOTYPES = YES;
				CLANG_WARN_SUSPICIOUS_MOVE = YES;
				CLANG_WARN_UNGUARDED_AVAILABILITY = YES_AGGRESSIVE;
				CLANG_WARN_UNREACHABLE_CODE = YES;
				CLANG_WARN__DUPLICATE_METHOD_MATCH = YES;
				COPY_PHASE_STRIP = NO;
				DEBUG_INFORMATION_FORMAT = dwarf;
				ENABLE_STRICT_OBJC_MSGSEND = YES;
				ENABLE_TESTABILITY = YES;
				GCC_C_LANGUAGE_STANDARD = gnu11;
				GCC_DYNAMIC_NO_PIC = NO;
				GCC_NO_COMMON_BLOCKS = YES;
				GCC_OPTIMIZATION_LEVEL = 0;
				GCC_PREPROCESSOR_DEFINITIONS = (
					"DEBUG=1",
					"$(inherited)",
				);
				GCC_WARN_64_TO_32_BIT_CONVERSION = YES;
				GCC_WARN_ABOUT_RETURN_TYPE = YES_ERROR;
				GCC_WARN_UNDECLARED_SELECTOR = YES;
				GCC_WARN_UNINITIALIZED_AUTOS = YES_AGGRESSIVE;
				GCC_WARN_UNUSED_FUNCTION = YES;
				GCC_WARN_UNUSED_VARIABLE = YES;
				IPHONEOS_DEPLOYMENT_TARGET = 14.5;
				MTL_ENABLE_DEBUG_INFO = INCLUDE_SOURCE;
				MTL_FAST_MATH = YES;
				ONLY_ACTIVE_ARCH = YES;
				SDKROOT = iphoneos;
				SWIFT_ACTIVE_COMPILATION_CONDITIONS = DEBUG;
				SWIFT_OPTIMIZATION_LEVEL = "-Onone";
			};
			name = Debug;
		};
		0992CADD265C9FCB008F2AFF /* Release */ = {
			isa = XCBuildConfiguration;
			buildSettings = {
				ALWAYS_SEARCH_USER_PATHS = NO;
				CLANG_ANALYZER_NONNULL = YES;
				CLANG_ANALYZER_NUMBER_OBJECT_CONVERSION = YES_AGGRESSIVE;
				CLANG_CXX_LANGUAGE_STANDARD = "gnu++14";
				CLANG_CXX_LIBRARY = "libc++";
				CLANG_ENABLE_MODULES = YES;
				CLANG_ENABLE_OBJC_ARC = YES;
				CLANG_ENABLE_OBJC_WEAK = YES;
				CLANG_WARN_BLOCK_CAPTURE_AUTORELEASING = YES;
				CLANG_WARN_BOOL_CONVERSION = YES;
				CLANG_WARN_COMMA = YES;
				CLANG_WARN_CONSTANT_CONVERSION = YES;
				CLANG_WARN_DEPRECATED_OBJC_IMPLEMENTATIONS = YES;
				CLANG_WARN_DIRECT_OBJC_ISA_USAGE = YES_ERROR;
				CLANG_WARN_DOCUMENTATION_COMMENTS = YES;
				CLANG_WARN_EMPTY_BODY = YES;
				CLANG_WARN_ENUM_CONVERSION = YES;
				CLANG_WARN_INFINITE_RECURSION = YES;
				CLANG_WARN_INT_CONVERSION = YES;
				CLANG_WARN_NON_LITERAL_NULL_CONVERSION = YES;
				CLANG_WARN_OBJC_IMPLICIT_RETAIN_SELF = YES;
				CLANG_WARN_OBJC_LITERAL_CONVERSION = YES;
				CLANG_WARN_OBJC_ROOT_CLASS = YES_ERROR;
				CLANG_WARN_QUOTED_INCLUDE_IN_FRAMEWORK_HEADER = YES;
				CLANG_WARN_RANGE_LOOP_ANALYSIS = YES;
				CLANG_WARN_STRICT_PROTOTYPES = YES;
				CLANG_WARN_SUSPICIOUS_MOVE = YES;
				CLANG_WARN_UNGUARDED_AVAILABILITY = YES_AGGRESSIVE;
				CLANG_WARN_UNREACHABLE_CODE = YES;
				CLANG_WARN__DUPLICATE_METHOD_MATCH = YES;
				COPY_PHASE_STRIP = NO;
				DEBUG_INFORMATION_FORMAT = "dwarf-with-dsym";
				ENABLE_NS_ASSERTIONS = NO;
				ENABLE_STRICT_OBJC_MSGSEND = YES;
				GCC_C_LANGUAGE_STANDARD = gnu11;
				GCC_NO_COMMON_BLOCKS = YES;
				GCC_WARN_64_TO_32_BIT_CONVERSION = YES;
				GCC_WARN_ABOUT_RETURN_TYPE = YES_ERROR;
				GCC_WARN_UNDECLARED_SELECTOR = YES;
				GCC_WARN_UNINITIALIZED_AUTOS = YES_AGGRESSIVE;
				GCC_WARN_UNUSED_FUNCTION = YES;
				GCC_WARN_UNUSED_VARIABLE = YES;
				IPHONEOS_DEPLOYMENT_TARGET = 14.5;
				MTL_ENABLE_DEBUG_INFO = NO;
				MTL_FAST_MATH = YES;
				SDKROOT = iphoneos;
				SWIFT_COMPILATION_MODE = wholemodule;
				SWIFT_OPTIMIZATION_LEVEL = "-O";
				VALIDATE_PRODUCT = YES;
			};
			name = Release;
		};
		0992CADF265C9FCB008F2AFF /* Debug */ = {
			isa = XCBuildConfiguration;
			baseConfigurationReference = BB603EAD616CC0EC1C092CFF /* Pods-ReadAndDictation.debug.xcconfig */;
			buildSettings = {
				ASSETCATALOG_COMPILER_APPICON_NAME = AppIcon;
				ASSETCATALOG_COMPILER_GLOBAL_ACCENT_COLOR_NAME = AccentColor;
				CODE_SIGN_STYLE = Automatic;
				DEVELOPMENT_TEAM = 324FCA6Q9A;
				INFOPLIST_FILE = ReadAndDictation/Info.plist;
				LD_RUNPATH_SEARCH_PATHS = (
					"$(inherited)",
					"@executable_path/Frameworks",
				);
				PRODUCT_BUNDLE_IDENTIFIER = com.mika.ReadAndDictation;
				PRODUCT_NAME = "$(TARGET_NAME)";
				SWIFT_VERSION = 5.0;
				TARGETED_DEVICE_FAMILY = "1,2";
			};
			name = Debug;
		};
		0992CAE0265C9FCB008F2AFF /* Release */ = {
			isa = XCBuildConfiguration;
			baseConfigurationReference = 87C5C25AA614F26BAD9239AF /* Pods-ReadAndDictation.release.xcconfig */;
			buildSettings = {
				ASSETCATALOG_COMPILER_APPICON_NAME = AppIcon;
				ASSETCATALOG_COMPILER_GLOBAL_ACCENT_COLOR_NAME = AccentColor;
				CODE_SIGN_STYLE = Automatic;
				DEVELOPMENT_TEAM = 324FCA6Q9A;
				INFOPLIST_FILE = ReadAndDictation/Info.plist;
				LD_RUNPATH_SEARCH_PATHS = (
					"$(inherited)",
					"@executable_path/Frameworks",
				);
				PRODUCT_BUNDLE_IDENTIFIER = com.mika.ReadAndDictation;
				PRODUCT_NAME = "$(TARGET_NAME)";
				SWIFT_VERSION = 5.0;
				TARGETED_DEVICE_FAMILY = "1,2";
			};
			name = Release;
		};
/* End XCBuildConfiguration section */

/* Begin XCConfigurationList section */
		0992CAC5265C9FC9008F2AFF /* Build configuration list for PBXProject "ReadAndDictation" */ = {
			isa = XCConfigurationList;
			buildConfigurations = (
				0992CADC265C9FCB008F2AFF /* Debug */,
				0992CADD265C9FCB008F2AFF /* Release */,
			);
			defaultConfigurationIsVisible = 0;
			defaultConfigurationName = Release;
		};
		0992CADE265C9FCB008F2AFF /* Build configuration list for PBXNativeTarget "ReadAndDictation" */ = {
			isa = XCConfigurationList;
			buildConfigurations = (
				0992CADF265C9FCB008F2AFF /* Debug */,
				0992CAE0265C9FCB008F2AFF /* Release */,
			);
			defaultConfigurationIsVisible = 0;
			defaultConfigurationName = Release;
		};
/* End XCConfigurationList section */
	};
	rootObject = 0992CAC2265C9FC9008F2AFF /* Project object */;
}
